
Microsoft Visual Studio Solution File, Format Version 12.00
# Visual Studio Version 16
VisualStudioVersion = 16.0.31911.196
MinimumVisualStudioVersion = 10.0.40219.1
Project("{FAE04EC0-301F-11D3-BF4B-00C04F79EFBC}") = "Microservice-1", "Microservice-1\Microservice-1.csproj", "{F11084F0-18FD-4567-A055-252F79B5BAAC}"
EndProject
Global
	GlobalSection(SolutionConfigurationPlatforms) = preSolution
		Debug|Any CPU = Debug|Any CPU
		Release|Any CPU = Release|Any CPU
	EndGlobalSection
	GlobalSection(ProjectConfigurationPlatforms) = postSolution
		{F11084F0-18FD-4567-A055-252F79B5BAAC}.Debug|Any CPU.ActiveCfg = Debug|Any CPU
		{F11084F0-18FD-4567-A055-252F79B5BAAC}.Debug|Any CPU.Build.0 = Debug|Any CPU
		{F11084F0-18FD-4567-A055-252F79B5BAAC}.Release|Any CPU.ActiveCfg = Release|Any CPU
		{F11084F0-18FD-4567-A055-252F79B5BAAC}.Release|Any CPU.Build.0 = Release|Any CPU
	EndGlobalSection
	GlobalSection(SolutionProperties) = preSolution
		HideSolutionNode = FALSE
	EndGlobalSection
	GlobalSection(ExtensibilityGlobals) = postSolution
		SolutionGuid = {289BC4C8-B43B-4CFE-860F-EF2DA7F0E968}
	EndGlobalSection
EndGlobal
